
Microsoft Visual Studio Solution File, Format Version 12.00
# Visual Studio Version 17
VisualStudioVersion = 17.5.002.0
MinimumVisualStudioVersion = 10.0.40219.1
Project("{9A19103F-16F7-4668-BE54-9A1E7A4F7556}") = "server", "finfindr-server\server.csproj", "{17C65D56-EEBC-42E2-9619-B98E828AF3A4}"
EndProject
Global
	GlobalSection(SolutionConfigurationPlatforms) = preSolution
		Debug|Any CPU = Debug|Any CPU
		Release|Any CPU = Release|Any CPU
	EndGlobalSection
	GlobalSection(ProjectConfigurationPlatforms) = postSolution
		{17C65D56-EEBC-42E2-9619-B98E828AF3A4}.Debug|Any CPU.ActiveCfg = Debug|Any CPU
		{17C65D56-EEBC-42E2-9619-B98E828AF3A4}.Debug|Any CPU.Build.0 = Debug|Any CPU
		{17C65D56-EEBC-42E2-9619-B98E828AF3A4}.Release|Any CPU.ActiveCfg = Release|Any CPU
		{17C65D56-EEBC-42E2-9619-B98E828AF3A4}.Release|Any CPU.Build.0 = Release|Any CPU
	EndGlobalSection
	GlobalSection(SolutionProperties) = preSolution
		HideSolutionNode = FALSE
	EndGlobalSection
	GlobalSection(ExtensibilityGlobals) = postSolution
		SolutionGuid = {9AD54891-C3AF-4A1A-9DF6-C21EE97BC1BC}
	EndGlobalSection
EndGlobal
